// !$*UTF8*$!
{
	archiveVersion = 1;
	classes = {
	};
	objectVersion = 46;
	objects = {

/* Begin PBXBuildFile section */
		13BE3DEE1AC21097009241FE /* adjustSdk.m in Sources */ = {isa = PBXBuildFile; fileRef = 13BE3DED1AC21097009241FE /* adjustSdk.m */; };
		2068FA821DC0F7B400816E17 /* ADJActivityHandler.m in Sources */ = {isa = PBXBuildFile; fileRef = 2068FA491DC0F7B300816E17 /* ADJActivityHandler.m */; };
		2068FA831DC0F7B400816E17 /* ADJActivityKind.m in Sources */ = {isa = PBXBuildFile; fileRef = 2068FA4B1DC0F7B300816E17 /* ADJActivityKind.m */; };
		2068FA841DC0F7B400816E17 /* ADJActivityPackage.m in Sources */ = {isa = PBXBuildFile; fileRef = 2068FA4D1DC0F7B300816E17 /* ADJActivityPackage.m */; };
		2068FA851DC0F7B400816E17 /* ADJActivityState.m in Sources */ = {isa = PBXBuildFile; fileRef = 2068FA4F1DC0F7B300816E17 /* ADJActivityState.m */; };
		2068FA861DC0F7B400816E17 /* ADJAdjustFactory.m in Sources */ = {isa = PBXBuildFile; fileRef = 2068FA521DC0F7B400816E17 /* ADJAdjustFactory.m */; };
		2068FA871DC0F7B400816E17 /* ADJAttribution.m in Sources */ = {isa = PBXBuildFile; fileRef = 2068FA541DC0F7B400816E17 /* ADJAttribution.m */; };
		2068FA881DC0F7B400816E17 /* ADJAttributionHandler.m in Sources */ = {isa = PBXBuildFile; fileRef = 2068FA561DC0F7B400816E17 /* ADJAttributionHandler.m */; };
		2068FA891DC0F7B400816E17 /* ADJBackoffStrategy.m in Sources */ = {isa = PBXBuildFile; fileRef = 2068FA581DC0F7B400816E17 /* ADJBackoffStrategy.m */; };
		2068FA8A1DC0F7B400816E17 /* ADJConfig.m in Sources */ = {isa = PBXBuildFile; fileRef = 2068FA5A1DC0F7B400816E17 /* ADJConfig.m */; };
		2068FA8B1DC0F7B400816E17 /* ADJDeviceInfo.m in Sources */ = {isa = PBXBuildFile; fileRef = 2068FA5C1DC0F7B400816E17 /* ADJDeviceInfo.m */; };
		2068FA8C1DC0F7B400816E17 /* ADJEvent.m in Sources */ = {isa = PBXBuildFile; fileRef = 2068FA5E1DC0F7B400816E17 /* ADJEvent.m */; };
		2068FA8D1DC0F7B400816E17 /* ADJEventFailure.m in Sources */ = {isa = PBXBuildFile; fileRef = 2068FA601DC0F7B400816E17 /* ADJEventFailure.m */; };
		2068FA8E1DC0F7B400816E17 /* ADJEventSuccess.m in Sources */ = {isa = PBXBuildFile; fileRef = 2068FA621DC0F7B400816E17 /* ADJEventSuccess.m */; };
		2068FA8F1DC0F7B400816E17 /* ADJKeychain.m in Sources */ = {isa = PBXBuildFile; fileRef = 2068FA641DC0F7B400816E17 /* ADJKeychain.m */; };
		2068FA901DC0F7B400816E17 /* ADJLogger.m in Sources */ = {isa = PBXBuildFile; fileRef = 2068FA661DC0F7B400816E17 /* ADJLogger.m */; };
		2068FA911DC0F7B400816E17 /* ADJPackageBuilder.m in Sources */ = {isa = PBXBuildFile; fileRef = 2068FA681DC0F7B400816E17 /* ADJPackageBuilder.m */; };
		2068FA921DC0F7B400816E17 /* ADJPackageHandler.m in Sources */ = {isa = PBXBuildFile; fileRef = 2068FA6A1DC0F7B400816E17 /* ADJPackageHandler.m */; };
		2068FA931DC0F7B400816E17 /* ADJRequestHandler.m in Sources */ = {isa = PBXBuildFile; fileRef = 2068FA6C1DC0F7B400816E17 /* ADJRequestHandler.m */; };
		2068FA941DC0F7B400816E17 /* ADJResponseData.m in Sources */ = {isa = PBXBuildFile; fileRef = 2068FA6E1DC0F7B400816E17 /* ADJResponseData.m */; };
		2068FA951DC0F7B400816E17 /* ADJSdkClickHandler.m in Sources */ = {isa = PBXBuildFile; fileRef = 2068FA701DC0F7B400816E17 /* ADJSdkClickHandler.m */; };
		2068FA961DC0F7B400816E17 /* ADJSessionFailure.m in Sources */ = {isa = PBXBuildFile; fileRef = 2068FA721DC0F7B400816E17 /* ADJSessionFailure.m */; };
		2068FA971DC0F7B400816E17 /* ADJSessionParameters.m in Sources */ = {isa = PBXBuildFile; fileRef = 2068FA741DC0F7B400816E17 /* ADJSessionParameters.m */; };
		2068FA981DC0F7B400816E17 /* ADJSessionSuccess.m in Sources */ = {isa = PBXBuildFile; fileRef = 2068FA761DC0F7B400816E17 /* ADJSessionSuccess.m */; };
		2068FA991DC0F7B400816E17 /* ADJSystemProfile.m in Sources */ = {isa = PBXBuildFile; fileRef = 2068FA781DC0F7B400816E17 /* ADJSystemProfile.m */; };
		2068FA9A1DC0F7B400816E17 /* ADJTimerCycle.m in Sources */ = {isa = PBXBuildFile; fileRef = 2068FA7A1DC0F7B400816E17 /* ADJTimerCycle.m */; };
		2068FA9B1DC0F7B400816E17 /* ADJTimerOnce.m in Sources */ = {isa = PBXBuildFile; fileRef = 2068FA7C1DC0F7B400816E17 /* ADJTimerOnce.m */; };
		2068FA9C1DC0F7B400816E17 /* Adjust.m in Sources */ = {isa = PBXBuildFile; fileRef = 2068FA7E1DC0F7B400816E17 /* Adjust.m */; };
		2068FA9D1DC0F7B400816E17 /* ADJUtil.m in Sources */ = {isa = PBXBuildFile; fileRef = 2068FA801DC0F7B400816E17 /* ADJUtil.m */; };
		2068FAA51DC0F7DB00816E17 /* NSData+ADJAdditions.m in Sources */ = {isa = PBXBuildFile; fileRef = 2068FAA01DC0F7DB00816E17 /* NSData+ADJAdditions.m */; };
		2068FAA61DC0F7DB00816E17 /* NSString+ADJAdditions.m in Sources */ = {isa = PBXBuildFile; fileRef = 2068FAA21DC0F7DB00816E17 /* NSString+ADJAdditions.m */; };
		2068FAA71DC0F7DB00816E17 /* UIDevice+ADJAdditions.m in Sources */ = {isa = PBXBuildFile; fileRef = 2068FAA41DC0F7DB00816E17 /* UIDevice+ADJAdditions.m */; };
/* End PBXBuildFile section */

/* Begin PBXCopyFilesBuildPhase section */
		58B511D91A9E6C8500147676 /* CopyFiles */ = {
			isa = PBXCopyFilesBuildPhase;
			buildActionMask = 2147483647;
			dstPath = "include/$(PRODUCT_NAME)";
			dstSubfolderSpec = 16;
			files = (
			);
			runOnlyForDeploymentPostprocessing = 0;
		};
/* End PBXCopyFilesBuildPhase section */

/* Begin PBXFileReference section */
		134814201AA4EA6300B7C361 /* libadjustSdk.a */ = {isa = PBXFileReference; explicitFileType = archive.ar; includeInIndex = 0; path = libadjustSdk.a; sourceTree = BUILT_PRODUCTS_DIR; };
		13BE3DEC1AC21097009241FE /* adjustSdk.h */ = {isa = PBXFileReference; fileEncoding = 4; lastKnownFileType = sourcecode.c.h; path = adjustSdk.h; sourceTree = "<group>"; };
		13BE3DED1AC21097009241FE /* adjustSdk.m */ = {isa = PBXFileReference; fileEncoding = 4; lastKnownFileType = sourcecode.c.objc; path = adjustSdk.m; sourceTree = "<group>"; };
		2068FA481DC0F7B300816E17 /* ADJActivityHandler.h */ = {isa = PBXFileReference; fileEncoding = 4; lastKnownFileType = sourcecode.c.h; name = ADJActivityHandler.h; path = Adjust/ADJActivityHandler.h; sourceTree = "<group>"; };
		2068FA491DC0F7B300816E17 /* ADJActivityHandler.m */ = {isa = PBXFileReference; fileEncoding = 4; lastKnownFileType = sourcecode.c.objc; name = ADJActivityHandler.m; path = Adjust/ADJActivityHandler.m; sourceTree = "<group>"; };
		2068FA4A1DC0F7B300816E17 /* ADJActivityKind.h */ = {isa = PBXFileReference; fileEncoding = 4; lastKnownFileType = sourcecode.c.h; name = ADJActivityKind.h; path = Adjust/ADJActivityKind.h; sourceTree = "<group>"; };
		2068FA4B1DC0F7B300816E17 /* ADJActivityKind.m */ = {isa = PBXFileReference; fileEncoding = 4; lastKnownFileType = sourcecode.c.objc; name = ADJActivityKind.m; path = Adjust/ADJActivityKind.m; sourceTree = "<group>"; };
		2068FA4C1DC0F7B300816E17 /* ADJActivityPackage.h */ = {isa = PBXFileReference; fileEncoding = 4; lastKnownFileType = sourcecode.c.h; name = ADJActivityPackage.h; path = Adjust/ADJActivityPackage.h; sourceTree = "<group>"; };
		2068FA4D1DC0F7B300816E17 /* ADJActivityPackage.m */ = {isa = PBXFileReference; fileEncoding = 4; lastKnownFileType = sourcecode.c.objc; name = ADJActivityPackage.m; path = Adjust/ADJActivityPackage.m; sourceTree = "<group>"; };
		2068FA4E1DC0F7B300816E17 /* ADJActivityState.h */ = {isa = PBXFileReference; fileEncoding = 4; lastKnownFileType = sourcecode.c.h; name = ADJActivityState.h; path = Adjust/ADJActivityState.h; sourceTree = "<group>"; };
		2068FA4F1DC0F7B300816E17 /* ADJActivityState.m */ = {isa = PBXFileReference; fileEncoding = 4; lastKnownFileType = sourcecode.c.objc; name = ADJActivityState.m; path = Adjust/ADJActivityState.m; sourceTree = "<group>"; };
		2068FA511DC0F7B400816E17 /* ADJAdjustFactory.h */ = {isa = PBXFileReference; fileEncoding = 4; lastKnownFileType = sourcecode.c.h; name = ADJAdjustFactory.h; path = Adjust/ADJAdjustFactory.h; sourceTree = "<group>"; };
		2068FA521DC0F7B400816E17 /* ADJAdjustFactory.m */ = {isa = PBXFileReference; fileEncoding = 4; lastKnownFileType = sourcecode.c.objc; name = ADJAdjustFactory.m; path = Adjust/ADJAdjustFactory.m; sourceTree = "<group>"; };
		2068FA531DC0F7B400816E17 /* ADJAttribution.h */ = {isa = PBXFileReference; fileEncoding = 4; lastKnownFileType = sourcecode.c.h; name = ADJAttribution.h; path = Adjust/ADJAttribution.h; sourceTree = "<group>"; };
		2068FA541DC0F7B400816E17 /* ADJAttribution.m */ = {isa = PBXFileReference; fileEncoding = 4; lastKnownFileType = sourcecode.c.objc; name = ADJAttribution.m; path = Adjust/ADJAttribution.m; sourceTree = "<group>"; };
		2068FA551DC0F7B400816E17 /* ADJAttributionHandler.h */ = {isa = PBXFileReference; fileEncoding = 4; lastKnownFileType = sourcecode.c.h; name = ADJAttributionHandler.h; path = Adjust/ADJAttributionHandler.h; sourceTree = "<group>"; };
		2068FA561DC0F7B400816E17 /* ADJAttributionHandler.m */ = {isa = PBXFileReference; fileEncoding = 4; lastKnownFileType = sourcecode.c.objc; name = ADJAttributionHandler.m; path = Adjust/ADJAttributionHandler.m; sourceTree = "<group>"; };
		2068FA571DC0F7B400816E17 /* ADJBackoffStrategy.h */ = {isa = PBXFileReference; fileEncoding = 4; lastKnownFileType = sourcecode.c.h; name = ADJBackoffStrategy.h; path = Adjust/ADJBackoffStrategy.h; sourceTree = "<group>"; };
		2068FA581DC0F7B400816E17 /* ADJBackoffStrategy.m */ = {isa = PBXFileReference; fileEncoding = 4; lastKnownFileType = sourcecode.c.objc; name = ADJBackoffStrategy.m; path = Adjust/ADJBackoffStrategy.m; sourceTree = "<group>"; };
		2068FA591DC0F7B400816E17 /* ADJConfig.h */ = {isa = PBXFileReference; fileEncoding = 4; lastKnownFileType = sourcecode.c.h; name = ADJConfig.h; path = Adjust/ADJConfig.h; sourceTree = "<group>"; };
		2068FA5A1DC0F7B400816E17 /* ADJConfig.m */ = {isa = PBXFileReference; fileEncoding = 4; lastKnownFileType = sourcecode.c.objc; name = ADJConfig.m; path = Adjust/ADJConfig.m; sourceTree = "<group>"; };
		2068FA5B1DC0F7B400816E17 /* ADJDeviceInfo.h */ = {isa = PBXFileReference; fileEncoding = 4; lastKnownFileType = sourcecode.c.h; name = ADJDeviceInfo.h; path = Adjust/ADJDeviceInfo.h; sourceTree = "<group>"; };
		2068FA5C1DC0F7B400816E17 /* ADJDeviceInfo.m */ = {isa = PBXFileReference; fileEncoding = 4; lastKnownFileType = sourcecode.c.objc; name = ADJDeviceInfo.m; path = Adjust/ADJDeviceInfo.m; sourceTree = "<group>"; };
		2068FA5D1DC0F7B400816E17 /* ADJEvent.h */ = {isa = PBXFileReference; fileEncoding = 4; lastKnownFileType = sourcecode.c.h; name = ADJEvent.h; path = Adjust/ADJEvent.h; sourceTree = "<group>"; };
		2068FA5E1DC0F7B400816E17 /* ADJEvent.m */ = {isa = PBXFileReference; fileEncoding = 4; lastKnownFileType = sourcecode.c.objc; name = ADJEvent.m; path = Adjust/ADJEvent.m; sourceTree = "<group>"; };
		2068FA5F1DC0F7B400816E17 /* ADJEventFailure.h */ = {isa = PBXFileReference; fileEncoding = 4; lastKnownFileType = sourcecode.c.h; name = ADJEventFailure.h; path = Adjust/ADJEventFailure.h; sourceTree = "<group>"; };
		2068FA601DC0F7B400816E17 /* ADJEventFailure.m */ = {isa = PBXFileReference; fileEncoding = 4; lastKnownFileType = sourcecode.c.objc; name = ADJEventFailure.m; path = Adjust/ADJEventFailure.m; sourceTree = "<group>"; };
		2068FA611DC0F7B400816E17 /* ADJEventSuccess.h */ = {isa = PBXFileReference; fileEncoding = 4; lastKnownFileType = sourcecode.c.h; name = ADJEventSuccess.h; path = Adjust/ADJEventSuccess.h; sourceTree = "<group>"; };
		2068FA621DC0F7B400816E17 /* ADJEventSuccess.m */ = {isa = PBXFileReference; fileEncoding = 4; lastKnownFileType = sourcecode.c.objc; name = ADJEventSuccess.m; path = Adjust/ADJEventSuccess.m; sourceTree = "<group>"; };
		2068FA631DC0F7B400816E17 /* ADJKeychain.h */ = {isa = PBXFileReference; fileEncoding = 4; lastKnownFileType = sourcecode.c.h; name = ADJKeychain.h; path = Adjust/ADJKeychain.h; sourceTree = "<group>"; };
		2068FA641DC0F7B400816E17 /* ADJKeychain.m */ = {isa = PBXFileReference; fileEncoding = 4; lastKnownFileType = sourcecode.c.objc; name = ADJKeychain.m; path = Adjust/ADJKeychain.m; sourceTree = "<group>"; };
		2068FA651DC0F7B400816E17 /* ADJLogger.h */ = {isa = PBXFileReference; fileEncoding = 4; lastKnownFileType = sourcecode.c.h; name = ADJLogger.h; path = Adjust/ADJLogger.h; sourceTree = "<group>"; };
		2068FA661DC0F7B400816E17 /* ADJLogger.m */ = {isa = PBXFileReference; fileEncoding = 4; lastKnownFileType = sourcecode.c.objc; name = ADJLogger.m; path = Adjust/ADJLogger.m; sourceTree = "<group>"; };
		2068FA671DC0F7B400816E17 /* ADJPackageBuilder.h */ = {isa = PBXFileReference; fileEncoding = 4; lastKnownFileType = sourcecode.c.h; name = ADJPackageBuilder.h; path = Adjust/ADJPackageBuilder.h; sourceTree = "<group>"; };
		2068FA681DC0F7B400816E17 /* ADJPackageBuilder.m */ = {isa = PBXFileReference; fileEncoding = 4; lastKnownFileType = sourcecode.c.objc; name = ADJPackageBuilder.m; path = Adjust/ADJPackageBuilder.m; sourceTree = "<group>"; };
		2068FA691DC0F7B400816E17 /* ADJPackageHandler.h */ = {isa = PBXFileReference; fileEncoding = 4; lastKnownFileType = sourcecode.c.h; name = ADJPackageHandler.h; path = Adjust/ADJPackageHandler.h; sourceTree = "<group>"; };
		2068FA6A1DC0F7B400816E17 /* ADJPackageHandler.m */ = {isa = PBXFileReference; fileEncoding = 4; lastKnownFileType = sourcecode.c.objc; name = ADJPackageHandler.m; path = Adjust/ADJPackageHandler.m; sourceTree = "<group>"; };
		2068FA6B1DC0F7B400816E17 /* ADJRequestHandler.h */ = {isa = PBXFileReference; fileEncoding = 4; lastKnownFileType = sourcecode.c.h; name = ADJRequestHandler.h; path = Adjust/ADJRequestHandler.h; sourceTree = "<group>"; };
		2068FA6C1DC0F7B400816E17 /* ADJRequestHandler.m */ = {isa = PBXFileReference; fileEncoding = 4; lastKnownFileType = sourcecode.c.objc; name = ADJRequestHandler.m; path = Adjust/ADJRequestHandler.m; sourceTree = "<group>"; };
		2068FA6D1DC0F7B400816E17 /* ADJResponseData.h */ = {isa = PBXFileReference; fileEncoding = 4; lastKnownFileType = sourcecode.c.h; name = ADJResponseData.h; path = Adjust/ADJResponseData.h; sourceTree = "<group>"; };
		2068FA6E1DC0F7B400816E17 /* ADJResponseData.m */ = {isa = PBXFileReference; fileEncoding = 4; lastKnownFileType = sourcecode.c.objc; name = ADJResponseData.m; path = Adjust/ADJResponseData.m; sourceTree = "<group>"; };
		2068FA6F1DC0F7B400816E17 /* ADJSdkClickHandler.h */ = {isa = PBXFileReference; fileEncoding = 4; lastKnownFileType = sourcecode.c.h; name = ADJSdkClickHandler.h; path = Adjust/ADJSdkClickHandler.h; sourceTree = "<group>"; };
		2068FA701DC0F7B400816E17 /* ADJSdkClickHandler.m */ = {isa = PBXFileReference; fileEncoding = 4; lastKnownFileType = sourcecode.c.objc; name = ADJSdkClickHandler.m; path = Adjust/ADJSdkClickHandler.m; sourceTree = "<group>"; };
		2068FA711DC0F7B400816E17 /* ADJSessionFailure.h */ = {isa = PBXFileReference; fileEncoding = 4; lastKnownFileType = sourcecode.c.h; name = ADJSessionFailure.h; path = Adjust/ADJSessionFailure.h; sourceTree = "<group>"; };
		2068FA721DC0F7B400816E17 /* ADJSessionFailure.m */ = {isa = PBXFileReference; fileEncoding = 4; lastKnownFileType = sourcecode.c.objc; name = ADJSessionFailure.m; path = Adjust/ADJSessionFailure.m; sourceTree = "<group>"; };
		2068FA731DC0F7B400816E17 /* ADJSessionParameters.h */ = {isa = PBXFileReference; fileEncoding = 4; lastKnownFileType = sourcecode.c.h; name = ADJSessionParameters.h; path = Adjust/ADJSessionParameters.h; sourceTree = "<group>"; };
		2068FA741DC0F7B400816E17 /* ADJSessionParameters.m */ = {isa = PBXFileReference; fileEncoding = 4; lastKnownFileType = sourcecode.c.objc; name = ADJSessionParameters.m; path = Adjust/ADJSessionParameters.m; sourceTree = "<group>"; };
		2068FA751DC0F7B400816E17 /* ADJSessionSuccess.h */ = {isa = PBXFileReference; fileEncoding = 4; lastKnownFileType = sourcecode.c.h; name = ADJSessionSuccess.h; path = Adjust/ADJSessionSuccess.h; sourceTree = "<group>"; };
		2068FA761DC0F7B400816E17 /* ADJSessionSuccess.m */ = {isa = PBXFileReference; fileEncoding = 4; lastKnownFileType = sourcecode.c.objc; name = ADJSessionSuccess.m; path = Adjust/ADJSessionSuccess.m; sourceTree = "<group>"; };
		2068FA771DC0F7B400816E17 /* ADJSystemProfile.h */ = {isa = PBXFileReference; fileEncoding = 4; lastKnownFileType = sourcecode.c.h; name = ADJSystemProfile.h; path = Adjust/ADJSystemProfile.h; sourceTree = "<group>"; };
		2068FA781DC0F7B400816E17 /* ADJSystemProfile.m */ = {isa = PBXFileReference; fileEncoding = 4; lastKnownFileType = sourcecode.c.objc; name = ADJSystemProfile.m; path = Adjust/ADJSystemProfile.m; sourceTree = "<group>"; };
		2068FA791DC0F7B400816E17 /* ADJTimerCycle.h */ = {isa = PBXFileReference; fileEncoding = 4; lastKnownFileType = sourcecode.c.h; name = ADJTimerCycle.h; path = Adjust/ADJTimerCycle.h; sourceTree = "<group>"; };
		2068FA7A1DC0F7B400816E17 /* ADJTimerCycle.m */ = {isa = PBXFileReference; fileEncoding = 4; lastKnownFileType = sourcecode.c.objc; name = ADJTimerCycle.m; path = Adjust/ADJTimerCycle.m; sourceTree = "<group>"; };
		2068FA7B1DC0F7B400816E17 /* ADJTimerOnce.h */ = {isa = PBXFileReference; fileEncoding = 4; lastKnownFileType = sourcecode.c.h; name = ADJTimerOnce.h; path = Adjust/ADJTimerOnce.h; sourceTree = "<group>"; };
		2068FA7C1DC0F7B400816E17 /* ADJTimerOnce.m */ = {isa = PBXFileReference; fileEncoding = 4; lastKnownFileType = sourcecode.c.objc; name = ADJTimerOnce.m; path = Adjust/ADJTimerOnce.m; sourceTree = "<group>"; };
		2068FA7D1DC0F7B400816E17 /* Adjust.h */ = {isa = PBXFileReference; fileEncoding = 4; lastKnownFileType = sourcecode.c.h; name = Adjust.h; path = Adjust/Adjust.h; sourceTree = "<group>"; };
		2068FA7E1DC0F7B400816E17 /* Adjust.m */ = {isa = PBXFileReference; fileEncoding = 4; lastKnownFileType = sourcecode.c.objc; name = Adjust.m; path = Adjust/Adjust.m; sourceTree = "<group>"; };
		2068FA7F1DC0F7B400816E17 /* ADJUtil.h */ = {isa = PBXFileReference; fileEncoding = 4; lastKnownFileType = sourcecode.c.h; name = ADJUtil.h; path = Adjust/ADJUtil.h; sourceTree = "<group>"; };
		2068FA801DC0F7B400816E17 /* ADJUtil.m */ = {isa = PBXFileReference; fileEncoding = 4; lastKnownFileType = sourcecode.c.objc; name = ADJUtil.m; path = Adjust/ADJUtil.m; sourceTree = "<group>"; };
		2068FA811DC0F7B400816E17 /* Info.plist */ = {isa = PBXFileReference; fileEncoding = 4; lastKnownFileType = text.plist.xml; name = Info.plist; path = Adjust/Info.plist; sourceTree = "<group>"; };
		2068FA9F1DC0F7DB00816E17 /* NSData+ADJAdditions.h */ = {isa = PBXFileReference; fileEncoding = 4; lastKnownFileType = sourcecode.c.h; name = "NSData+ADJAdditions.h"; path = "Adjust/ADJAdditions/NSData+ADJAdditions.h"; sourceTree = "<group>"; };
		2068FAA01DC0F7DB00816E17 /* NSData+ADJAdditions.m */ = {isa = PBXFileReference; fileEncoding = 4; lastKnownFileType = sourcecode.c.objc; name = "NSData+ADJAdditions.m"; path = "Adjust/ADJAdditions/NSData+ADJAdditions.m"; sourceTree = "<group>"; };
		2068FAA11DC0F7DB00816E17 /* NSString+ADJAdditions.h */ = {isa = PBXFileReference; fileEncoding = 4; lastKnownFileType = sourcecode.c.h; name = "NSString+ADJAdditions.h"; path = "Adjust/ADJAdditions/NSString+ADJAdditions.h"; sourceTree = "<group>"; };
		2068FAA21DC0F7DB00816E17 /* NSString+ADJAdditions.m */ = {isa = PBXFileReference; fileEncoding = 4; lastKnownFileType = sourcecode.c.objc; name = "NSString+ADJAdditions.m"; path = "Adjust/ADJAdditions/NSString+ADJAdditions.m"; sourceTree = "<group>"; };
		2068FAA31DC0F7DB00816E17 /* UIDevice+ADJAdditions.h */ = {isa = PBXFileReference; fileEncoding = 4; lastKnownFileType = sourcecode.c.h; name = "UIDevice+ADJAdditions.h"; path = "Adjust/ADJAdditions/UIDevice+ADJAdditions.h"; sourceTree = "<group>"; };
		2068FAA41DC0F7DB00816E17 /* UIDevice+ADJAdditions.m */ = {isa = PBXFileReference; fileEncoding = 4; lastKnownFileType = sourcecode.c.objc; name = "UIDevice+ADJAdditions.m"; path = "Adjust/ADJAdditions/UIDevice+ADJAdditions.m"; sourceTree = "<group>"; };
/* End PBXFileReference section */

/* Begin PBXFrameworksBuildPhase section */
		58B511D81A9E6C8500147676 /* Frameworks */ = {
			isa = PBXFrameworksBuildPhase;
			buildActionMask = 2147483647;
			files = (
			);
			runOnlyForDeploymentPostprocessing = 0;
		};
/* End PBXFrameworksBuildPhase section */

/* Begin PBXGroup section */
		134814211AA4EA7D00B7C361 /* Products */ = {
			isa = PBXGroup;
			children = (
				134814201AA4EA6300B7C361 /* libadjustSdk.a */,
			);
			name = Products;
			sourceTree = "<group>";
		};
		200D309B1DC0DB5F0029DABA /* Frameworks */ = {
			isa = PBXGroup;
			children = (
			);
			name = Frameworks;
			sourceTree = "<group>";
		};
		2068FA471DC0F7A400816E17 /* Adjust */ = {
			isa = PBXGroup;
			children = (
				2068FA9E1DC0F7CF00816E17 /* ADJAdditions */,
				2068FA481DC0F7B300816E17 /* ADJActivityHandler.h */,
				2068FA491DC0F7B300816E17 /* ADJActivityHandler.m */,
				2068FA4A1DC0F7B300816E17 /* ADJActivityKind.h */,
				2068FA4B1DC0F7B300816E17 /* ADJActivityKind.m */,
				2068FA4C1DC0F7B300816E17 /* ADJActivityPackage.h */,
				2068FA4D1DC0F7B300816E17 /* ADJActivityPackage.m */,
				2068FA4E1DC0F7B300816E17 /* ADJActivityState.h */,
				2068FA4F1DC0F7B300816E17 /* ADJActivityState.m */,
				2068FA511DC0F7B400816E17 /* ADJAdjustFactory.h */,
				2068FA521DC0F7B400816E17 /* ADJAdjustFactory.m */,
				2068FA531DC0F7B400816E17 /* ADJAttribution.h */,
				2068FA541DC0F7B400816E17 /* ADJAttribution.m */,
				2068FA551DC0F7B400816E17 /* ADJAttributionHandler.h */,
				2068FA561DC0F7B400816E17 /* ADJAttributionHandler.m */,
				2068FA571DC0F7B400816E17 /* ADJBackoffStrategy.h */,
				2068FA581DC0F7B400816E17 /* ADJBackoffStrategy.m */,
				2068FA591DC0F7B400816E17 /* ADJConfig.h */,
				2068FA5A1DC0F7B400816E17 /* ADJConfig.m */,
				2068FA5B1DC0F7B400816E17 /* ADJDeviceInfo.h */,
				2068FA5C1DC0F7B400816E17 /* ADJDeviceInfo.m */,
				2068FA5D1DC0F7B400816E17 /* ADJEvent.h */,
				2068FA5E1DC0F7B400816E17 /* ADJEvent.m */,
				2068FA5F1DC0F7B400816E17 /* ADJEventFailure.h */,
				2068FA601DC0F7B400816E17 /* ADJEventFailure.m */,
				2068FA611DC0F7B400816E17 /* ADJEventSuccess.h */,
				2068FA621DC0F7B400816E17 /* ADJEventSuccess.m */,
				2068FA631DC0F7B400816E17 /* ADJKeychain.h */,
				2068FA641DC0F7B400816E17 /* ADJKeychain.m */,
				2068FA651DC0F7B400816E17 /* ADJLogger.h */,
				2068FA661DC0F7B400816E17 /* ADJLogger.m */,
				2068FA671DC0F7B400816E17 /* ADJPackageBuilder.h */,
				2068FA681DC0F7B400816E17 /* ADJPackageBuilder.m */,
				2068FA691DC0F7B400816E17 /* ADJPackageHandler.h */,
				2068FA6A1DC0F7B400816E17 /* ADJPackageHandler.m */,
				2068FA6B1DC0F7B400816E17 /* ADJRequestHandler.h */,
				2068FA6C1DC0F7B400816E17 /* ADJRequestHandler.m */,
				2068FA6D1DC0F7B400816E17 /* ADJResponseData.h */,
				2068FA6E1DC0F7B400816E17 /* ADJResponseData.m */,
				2068FA6F1DC0F7B400816E17 /* ADJSdkClickHandler.h */,
				2068FA701DC0F7B400816E17 /* ADJSdkClickHandler.m */,
				2068FA711DC0F7B400816E17 /* ADJSessionFailure.h */,
				2068FA721DC0F7B400816E17 /* ADJSessionFailure.m */,
				2068FA731DC0F7B400816E17 /* ADJSessionParameters.h */,
				2068FA741DC0F7B400816E17 /* ADJSessionParameters.m */,
				2068FA751DC0F7B400816E17 /* ADJSessionSuccess.h */,
				2068FA761DC0F7B400816E17 /* ADJSessionSuccess.m */,
				2068FA771DC0F7B400816E17 /* ADJSystemProfile.h */,
				2068FA781DC0F7B400816E17 /* ADJSystemProfile.m */,
				2068FA791DC0F7B400816E17 /* ADJTimerCycle.h */,
				2068FA7A1DC0F7B400816E17 /* ADJTimerCycle.m */,
				2068FA7B1DC0F7B400816E17 /* ADJTimerOnce.h */,
				2068FA7C1DC0F7B400816E17 /* ADJTimerOnce.m */,
				2068FA7D1DC0F7B400816E17 /* Adjust.h */,
				2068FA7E1DC0F7B400816E17 /* Adjust.m */,
				2068FA7F1DC0F7B400816E17 /* ADJUtil.h */,
				2068FA801DC0F7B400816E17 /* ADJUtil.m */,
				2068FA811DC0F7B400816E17 /* Info.plist */,
			);
			name = Adjust;
			sourceTree = "<group>";
		};
		2068FA9E1DC0F7CF00816E17 /* ADJAdditions */ = {
			isa = PBXGroup;
			children = (
				2068FA9F1DC0F7DB00816E17 /* NSData+ADJAdditions.h */,
				2068FAA01DC0F7DB00816E17 /* NSData+ADJAdditions.m */,
				2068FAA11DC0F7DB00816E17 /* NSString+ADJAdditions.h */,
				2068FAA21DC0F7DB00816E17 /* NSString+ADJAdditions.m */,
				2068FAA31DC0F7DB00816E17 /* UIDevice+ADJAdditions.h */,
				2068FAA41DC0F7DB00816E17 /* UIDevice+ADJAdditions.m */,
			);
			name = ADJAdditions;
			sourceTree = "<group>";
		};
		58B511D21A9E6C8500147676 = {
			isa = PBXGroup;
			children = (
				2068FA471DC0F7A400816E17 /* Adjust */,
				13BE3DEC1AC21097009241FE /* adjustSdk.h */,
				13BE3DED1AC21097009241FE /* adjustSdk.m */,
				134814211AA4EA7D00B7C361 /* Products */,
				200D309B1DC0DB5F0029DABA /* Frameworks */,
			);
			sourceTree = "<group>";
		};
/* End PBXGroup section */

/* Begin PBXNativeTarget section */
		58B511DA1A9E6C8500147676 /* adjustSdk */ = {
			isa = PBXNativeTarget;
			buildConfigurationList = 58B511EF1A9E6C8500147676 /* Build configuration list for PBXNativeTarget "adjustSdk" */;
			buildPhases = (
				58B511D71A9E6C8500147676 /* Sources */,
				58B511D81A9E6C8500147676 /* Frameworks */,
				58B511D91A9E6C8500147676 /* CopyFiles */,
			);
			buildRules = (
			);
			dependencies = (
			);
			name = adjustSdk;
			productName = RCTDataManager;
			productReference = 134814201AA4EA6300B7C361 /* libadjustSdk.a */;
			productType = "com.apple.product-type.library.static";
		};
/* End PBXNativeTarget section */

/* Begin PBXProject section */
		58B511D31A9E6C8500147676 /* Project object */ = {
			isa = PBXProject;
			attributes = {
				LastUpgradeCheck = 0610;
				ORGANIZATIONNAME = Facebook;
				TargetAttributes = {
					58B511DA1A9E6C8500147676 = {
						CreatedOnToolsVersion = 6.1.1;
					};
				};
			};
			buildConfigurationList = 58B511D61A9E6C8500147676 /* Build configuration list for PBXProject "adjustSdk" */;
			compatibilityVersion = "Xcode 3.2";
			developmentRegion = English;
			hasScannedForEncodings = 0;
			knownRegions = (
				en,
			);
			mainGroup = 58B511D21A9E6C8500147676;
			productRefGroup = 58B511D21A9E6C8500147676;
			projectDirPath = "";
			projectRoot = "";
			targets = (
				58B511DA1A9E6C8500147676 /* adjustSdk */,
			);
		};
/* End PBXProject section */

/* Begin PBXSourcesBuildPhase section */
		58B511D71A9E6C8500147676 /* Sources */ = {
			isa = PBXSourcesBuildPhase;
			buildActionMask = 2147483647;
			files = (
				2068FA8F1DC0F7B400816E17 /* ADJKeychain.m in Sources */,
				2068FA9B1DC0F7B400816E17 /* ADJTimerOnce.m in Sources */,
				2068FA851DC0F7B400816E17 /* ADJActivityState.m in Sources */,
				2068FA981DC0F7B400816E17 /* ADJSessionSuccess.m in Sources */,
				2068FA871DC0F7B400816E17 /* ADJAttribution.m in Sources */,
				2068FA951DC0F7B400816E17 /* ADJSdkClickHandler.m in Sources */,
				2068FA931DC0F7B400816E17 /* ADJRequestHandler.m in Sources */,
				13BE3DEE1AC21097009241FE /* adjustSdk.m in Sources */,
				2068FA911DC0F7B400816E17 /* ADJPackageBuilder.m in Sources */,
				2068FA831DC0F7B400816E17 /* ADJActivityKind.m in Sources */,
				2068FA901DC0F7B400816E17 /* ADJLogger.m in Sources */,
				2068FA8B1DC0F7B400816E17 /* ADJDeviceInfo.m in Sources */,
				2068FA971DC0F7B400816E17 /* ADJSessionParameters.m in Sources */,
				2068FAA61DC0F7DB00816E17 /* NSString+ADJAdditions.m in Sources */,
				2068FA991DC0F7B400816E17 /* ADJSystemProfile.m in Sources */,
				2068FA881DC0F7B400816E17 /* ADJAttributionHandler.m in Sources */,
				2068FA891DC0F7B400816E17 /* ADJBackoffStrategy.m in Sources */,
				2068FA9D1DC0F7B400816E17 /* ADJUtil.m in Sources */,
				2068FA821DC0F7B400816E17 /* ADJActivityHandler.m in Sources */,
				2068FA921DC0F7B400816E17 /* ADJPackageHandler.m in Sources */,
				2068FA841DC0F7B400816E17 /* ADJActivityPackage.m in Sources */,
				2068FA961DC0F7B400816E17 /* ADJSessionFailure.m in Sources */,
				2068FA861DC0F7B400816E17 /* ADJAdjustFactory.m in Sources */,
				2068FA8E1DC0F7B400816E17 /* ADJEventSuccess.m in Sources */,
				2068FA9C1DC0F7B400816E17 /* Adjust.m in Sources */,
				2068FAA71DC0F7DB00816E17 /* UIDevice+ADJAdditions.m in Sources */,
				2068FA941DC0F7B400816E17 /* ADJResponseData.m in Sources */,
				2068FA8C1DC0F7B400816E17 /* ADJEvent.m in Sources */,
				2068FA8A1DC0F7B400816E17 /* ADJConfig.m in Sources */,
				2068FA9A1DC0F7B400816E17 /* ADJTimerCycle.m in Sources */,
				2068FAA51DC0F7DB00816E17 /* NSData+ADJAdditions.m in Sources */,
				2068FA8D1DC0F7B400816E17 /* ADJEventFailure.m in Sources */,
			);
			runOnlyForDeploymentPostprocessing = 0;
		};
/* End PBXSourcesBuildPhase section */

/* Begin XCBuildConfiguration section */
		58B511ED1A9E6C8500147676 /* Debug */ = {
			isa = XCBuildConfiguration;
			buildSettings = {
				ALWAYS_SEARCH_USER_PATHS = NO;
				CLANG_CXX_LANGUAGE_STANDARD = "gnu++0x";
				CLANG_CXX_LIBRARY = "libc++";
				CLANG_ENABLE_MODULES = YES;
				CLANG_ENABLE_OBJC_ARC = YES;
				CLANG_WARN_BOOL_CONVERSION = YES;
				CLANG_WARN_CONSTANT_CONVERSION = YES;
				CLANG_WARN_DIRECT_OBJC_ISA_USAGE = YES_ERROR;
				CLANG_WARN_EMPTY_BODY = YES;
				CLANG_WARN_ENUM_CONVERSION = YES;
				CLANG_WARN_INT_CONVERSION = YES;
				CLANG_WARN_OBJC_ROOT_CLASS = YES_ERROR;
				CLANG_WARN_UNREACHABLE_CODE = YES;
				CLANG_WARN__DUPLICATE_METHOD_MATCH = YES;
				COPY_PHASE_STRIP = NO;
				ENABLE_STRICT_OBJC_MSGSEND = YES;
				GCC_C_LANGUAGE_STANDARD = gnu99;
				GCC_DYNAMIC_NO_PIC = NO;
				GCC_OPTIMIZATION_LEVEL = 0;
				GCC_PREPROCESSOR_DEFINITIONS = (
					"DEBUG=1",
					"$(inherited)",
				);
				GCC_SYMBOLS_PRIVATE_EXTERN = NO;
				GCC_WARN_64_TO_32_BIT_CONVERSION = YES;
				GCC_WARN_ABOUT_RETURN_TYPE = YES_ERROR;
				GCC_WARN_UNDECLARED_SELECTOR = YES;
				GCC_WARN_UNINITIALIZED_AUTOS = YES_AGGRESSIVE;
				GCC_WARN_UNUSED_FUNCTION = YES;
				GCC_WARN_UNUSED_VARIABLE = YES;
				IPHONEOS_DEPLOYMENT_TARGET = 8.0;
				MTL_ENABLE_DEBUG_INFO = YES;
				ONLY_ACTIVE_ARCH = YES;
				SDKROOT = iphoneos;
			};
			name = Debug;
		};
		58B511EE1A9E6C8500147676 /* Release */ = {
			isa = XCBuildConfiguration;
			buildSettings = {
				ALWAYS_SEARCH_USER_PATHS = NO;
				CLANG_CXX_LANGUAGE_STANDARD = "gnu++0x";
				CLANG_CXX_LIBRARY = "libc++";
				CLANG_ENABLE_MODULES = YES;
				CLANG_ENABLE_OBJC_ARC = YES;
				CLANG_WARN_BOOL_CONVERSION = YES;
				CLANG_WARN_CONSTANT_CONVERSION = YES;
				CLANG_WARN_DIRECT_OBJC_ISA_USAGE = YES_ERROR;
				CLANG_WARN_EMPTY_BODY = YES;
				CLANG_WARN_ENUM_CONVERSION = YES;
				CLANG_WARN_INT_CONVERSION = YES;
				CLANG_WARN_OBJC_ROOT_CLASS = YES_ERROR;
				CLANG_WARN_UNREACHABLE_CODE = YES;
				CLANG_WARN__DUPLICATE_METHOD_MATCH = YES;
				COPY_PHASE_STRIP = YES;
				ENABLE_NS_ASSERTIONS = NO;
				ENABLE_STRICT_OBJC_MSGSEND = YES;
				GCC_C_LANGUAGE_STANDARD = gnu99;
				GCC_WARN_64_TO_32_BIT_CONVERSION = YES;
				GCC_WARN_ABOUT_RETURN_TYPE = YES_ERROR;
				GCC_WARN_UNDECLARED_SELECTOR = YES;
				GCC_WARN_UNINITIALIZED_AUTOS = YES_AGGRESSIVE;
				GCC_WARN_UNUSED_FUNCTION = YES;
				GCC_WARN_UNUSED_VARIABLE = YES;
				IPHONEOS_DEPLOYMENT_TARGET = 8.0;
				MTL_ENABLE_DEBUG_INFO = NO;
				SDKROOT = iphoneos;
				VALIDATE_PRODUCT = YES;
			};
			name = Release;
		};
		58B511F01A9E6C8500147676 /* Debug */ = {
			isa = XCBuildConfiguration;
			buildSettings = {
				FRAMEWORK_SEARCH_PATHS = (
					"$(inherited)",
					"$(PROJECT_DIR)",
				);
				HEADER_SEARCH_PATHS = (
					"$(inherited)",
					/Applications/Xcode.app/Contents/Developer/Toolchains/XcodeDefault.xctoolchain/usr/include,
					"$(SRCROOT)/../../react-native/React/**",
				);
				LIBRARY_SEARCH_PATHS = "$(inherited)";
				OTHER_LDFLAGS = "-ObjC";
				PRODUCT_NAME = adjustSdk;
				SKIP_INSTALL = YES;
			};
			name = Debug;
		};
		58B511F11A9E6C8500147676 /* Release */ = {
			isa = XCBuildConfiguration;
			buildSettings = {
				FRAMEWORK_SEARCH_PATHS = (
					"$(inherited)",
					"$(PROJECT_DIR)",
				);
				HEADER_SEARCH_PATHS = (
					"$(inherited)",
					/Applications/Xcode.app/Contents/Developer/Toolchains/XcodeDefault.xctoolchain/usr/include,
					"$(SRCROOT)/../../react-native/React/**",
				);
				LIBRARY_SEARCH_PATHS = "$(inherited)";
				OTHER_LDFLAGS = "-ObjC";
				PRODUCT_NAME = adjustSdk;
				SKIP_INSTALL = YES;
			};
			name = Release;
		};
/* End XCBuildConfiguration section */

/* Begin XCConfigurationList section */
		58B511D61A9E6C8500147676 /* Build configuration list for PBXProject "adjustSdk" */ = {
			isa = XCConfigurationList;
			buildConfigurations = (
				58B511ED1A9E6C8500147676 /* Debug */,
				58B511EE1A9E6C8500147676 /* Release */,
			);
			defaultConfigurationIsVisible = 0;
			defaultConfigurationName = Release;
		};
		58B511EF1A9E6C8500147676 /* Build configuration list for PBXNativeTarget "adjustSdk" */ = {
			isa = XCConfigurationList;
			buildConfigurations = (
				58B511F01A9E6C8500147676 /* Debug */,
				58B511F11A9E6C8500147676 /* Release */,
			);
			defaultConfigurationIsVisible = 0;
			defaultConfigurationName = Release;
		};
/* End XCConfigurationList section */
	};
	rootObject = 58B511D31A9E6C8500147676 /* Project object */;
}
