// !$*UTF8*$!
{
	archiveVersion = 1;
	classes = {
	};
	objectVersion = 46;
	objects = {

/* Begin PBXBuildFile section */
		13BE3DEE1AC21097009241FE /* AdjustSdk.m in Sources */ = {isa = PBXBuildFile; fileRef = 13BE3DED1AC21097009241FE /* AdjustSdk.m */; };
		2037FA5D1FE7CB9C00C86593 /* ADJReachability.m in Sources */ = {isa = PBXBuildFile; fileRef = 2037FA5A1FE7CB9B00C86593 /* ADJReachability.m */; };
		2037FA5E1FE7CB9C00C86593 /* ADJUserDefaults.m in Sources */ = {isa = PBXBuildFile; fileRef = 2037FA5C1FE7CB9C00C86593 /* ADJUserDefaults.m */; };
		9D6A23761DE87EAF002D401C /* AdjustSdkDelegate.m in Sources */ = {isa = PBXBuildFile; fileRef = 9D6A23751DE87EAF002D401C /* AdjustSdkDelegate.m */; };
		9D9741B41E49E2DF0016F8D4 /* ADJActivityHandler.m in Sources */ = {isa = PBXBuildFile; fileRef = 9D9741751E49E2DF0016F8D4 /* ADJActivityHandler.m */; };
		9D9741B51E49E2DF0016F8D4 /* ADJActivityKind.m in Sources */ = {isa = PBXBuildFile; fileRef = 9D9741771E49E2DF0016F8D4 /* ADJActivityKind.m */; };
		9D9741B61E49E2DF0016F8D4 /* ADJActivityPackage.m in Sources */ = {isa = PBXBuildFile; fileRef = 9D9741791E49E2DF0016F8D4 /* ADJActivityPackage.m */; };
		9D9741B71E49E2DF0016F8D4 /* ADJActivityState.m in Sources */ = {isa = PBXBuildFile; fileRef = 9D97417B1E49E2DF0016F8D4 /* ADJActivityState.m */; };
		9D9741B81E49E2DF0016F8D4 /* NSData+ADJAdditions.m in Sources */ = {isa = PBXBuildFile; fileRef = 9D97417E1E49E2DF0016F8D4 /* NSData+ADJAdditions.m */; };
		9D9741B91E49E2DF0016F8D4 /* NSString+ADJAdditions.m in Sources */ = {isa = PBXBuildFile; fileRef = 9D9741801E49E2DF0016F8D4 /* NSString+ADJAdditions.m */; };
		9D9741BA1E49E2DF0016F8D4 /* UIDevice+ADJAdditions.m in Sources */ = {isa = PBXBuildFile; fileRef = 9D9741821E49E2DF0016F8D4 /* UIDevice+ADJAdditions.m */; };
		9D9741BB1E49E2DF0016F8D4 /* ADJAdjustFactory.m in Sources */ = {isa = PBXBuildFile; fileRef = 9D9741841E49E2DF0016F8D4 /* ADJAdjustFactory.m */; };
		9D9741BC1E49E2DF0016F8D4 /* ADJAttribution.m in Sources */ = {isa = PBXBuildFile; fileRef = 9D9741861E49E2DF0016F8D4 /* ADJAttribution.m */; };
		9D9741BD1E49E2DF0016F8D4 /* ADJAttributionHandler.m in Sources */ = {isa = PBXBuildFile; fileRef = 9D9741881E49E2DF0016F8D4 /* ADJAttributionHandler.m */; };
		9D9741BE1E49E2DF0016F8D4 /* ADJBackoffStrategy.m in Sources */ = {isa = PBXBuildFile; fileRef = 9D97418A1E49E2DF0016F8D4 /* ADJBackoffStrategy.m */; };
		9D9741BF1E49E2DF0016F8D4 /* ADJConfig.m in Sources */ = {isa = PBXBuildFile; fileRef = 9D97418C1E49E2DF0016F8D4 /* ADJConfig.m */; };
		9D9741C01E49E2DF0016F8D4 /* ADJDeviceInfo.m in Sources */ = {isa = PBXBuildFile; fileRef = 9D97418E1E49E2DF0016F8D4 /* ADJDeviceInfo.m */; };
		9D9741C11E49E2DF0016F8D4 /* ADJEvent.m in Sources */ = {isa = PBXBuildFile; fileRef = 9D9741901E49E2DF0016F8D4 /* ADJEvent.m */; };
		9D9741C21E49E2DF0016F8D4 /* ADJEventFailure.m in Sources */ = {isa = PBXBuildFile; fileRef = 9D9741921E49E2DF0016F8D4 /* ADJEventFailure.m */; };
		9D9741C31E49E2DF0016F8D4 /* ADJEventSuccess.m in Sources */ = {isa = PBXBuildFile; fileRef = 9D9741941E49E2DF0016F8D4 /* ADJEventSuccess.m */; };
		9D9741C41E49E2DF0016F8D4 /* ADJKeychain.m in Sources */ = {isa = PBXBuildFile; fileRef = 9D9741961E49E2DF0016F8D4 /* ADJKeychain.m */; };
		9D9741C51E49E2DF0016F8D4 /* ADJLogger.m in Sources */ = {isa = PBXBuildFile; fileRef = 9D9741981E49E2DF0016F8D4 /* ADJLogger.m */; };
		9D9741C61E49E2DF0016F8D4 /* ADJPackageBuilder.m in Sources */ = {isa = PBXBuildFile; fileRef = 9D97419A1E49E2DF0016F8D4 /* ADJPackageBuilder.m */; };
		9D9741C71E49E2DF0016F8D4 /* ADJPackageHandler.m in Sources */ = {isa = PBXBuildFile; fileRef = 9D97419C1E49E2DF0016F8D4 /* ADJPackageHandler.m */; };
		9D9741C81E49E2DF0016F8D4 /* ADJRequestHandler.m in Sources */ = {isa = PBXBuildFile; fileRef = 9D97419E1E49E2DF0016F8D4 /* ADJRequestHandler.m */; };
		9D9741C91E49E2DF0016F8D4 /* ADJResponseData.m in Sources */ = {isa = PBXBuildFile; fileRef = 9D9741A01E49E2DF0016F8D4 /* ADJResponseData.m */; };
		9D9741CA1E49E2DF0016F8D4 /* ADJSdkClickHandler.m in Sources */ = {isa = PBXBuildFile; fileRef = 9D9741A21E49E2DF0016F8D4 /* ADJSdkClickHandler.m */; };
		9D9741CB1E49E2DF0016F8D4 /* ADJSessionFailure.m in Sources */ = {isa = PBXBuildFile; fileRef = 9D9741A41E49E2DF0016F8D4 /* ADJSessionFailure.m */; };
		9D9741CC1E49E2DF0016F8D4 /* ADJSessionParameters.m in Sources */ = {isa = PBXBuildFile; fileRef = 9D9741A61E49E2DF0016F8D4 /* ADJSessionParameters.m */; };
		9D9741CD1E49E2DF0016F8D4 /* ADJSessionSuccess.m in Sources */ = {isa = PBXBuildFile; fileRef = 9D9741A81E49E2DF0016F8D4 /* ADJSessionSuccess.m */; };
		9D9741CE1E49E2DF0016F8D4 /* ADJSystemProfile.m in Sources */ = {isa = PBXBuildFile; fileRef = 9D9741AA1E49E2DF0016F8D4 /* ADJSystemProfile.m */; };
		9D9741CF1E49E2DF0016F8D4 /* ADJTimerCycle.m in Sources */ = {isa = PBXBuildFile; fileRef = 9D9741AC1E49E2DF0016F8D4 /* ADJTimerCycle.m */; };
		9D9741D01E49E2DF0016F8D4 /* ADJTimerOnce.m in Sources */ = {isa = PBXBuildFile; fileRef = 9D9741AE1E49E2DF0016F8D4 /* ADJTimerOnce.m */; };
		9D9741D11E49E2DF0016F8D4 /* Adjust.m in Sources */ = {isa = PBXBuildFile; fileRef = 9D9741B01E49E2DF0016F8D4 /* Adjust.m */; };
		9D9741D21E49E2DF0016F8D4 /* ADJUtil.m in Sources */ = {isa = PBXBuildFile; fileRef = 9D9741B21E49E2DF0016F8D4 /* ADJUtil.m */; };
/* End PBXBuildFile section */

/* Begin PBXCopyFilesBuildPhase section */
		58B511D91A9E6C8500147676 /* CopyFiles */ = {
			isa = PBXCopyFilesBuildPhase;
			buildActionMask = 2147483647;
			dstPath = "include/$(PRODUCT_NAME)";
			dstSubfolderSpec = 16;
			files = (
			);
			runOnlyForDeploymentPostprocessing = 0;
		};
/* End PBXCopyFilesBuildPhase section */

/* Begin PBXFileReference section */
		134814201AA4EA6300B7C361 /* libAdjustSdk.a */ = {isa = PBXFileReference; explicitFileType = archive.ar; includeInIndex = 0; path = libAdjustSdk.a; sourceTree = BUILT_PRODUCTS_DIR; };
		13BE3DEC1AC21097009241FE /* AdjustSdk.h */ = {isa = PBXFileReference; fileEncoding = 4; lastKnownFileType = sourcecode.c.h; path = AdjustSdk.h; sourceTree = "<group>"; };
		13BE3DED1AC21097009241FE /* AdjustSdk.m */ = {isa = PBXFileReference; fileEncoding = 4; lastKnownFileType = sourcecode.c.objc; path = AdjustSdk.m; sourceTree = "<group>"; };
		2037FA591FE7CB9B00C86593 /* ADJReachability.h */ = {isa = PBXFileReference; fileEncoding = 4; lastKnownFileType = sourcecode.c.h; path = ADJReachability.h; sourceTree = "<group>"; };
		2037FA5A1FE7CB9B00C86593 /* ADJReachability.m */ = {isa = PBXFileReference; fileEncoding = 4; lastKnownFileType = sourcecode.c.objc; path = ADJReachability.m; sourceTree = "<group>"; };
		2037FA5B1FE7CB9B00C86593 /* ADJUserDefaults.h */ = {isa = PBXFileReference; fileEncoding = 4; lastKnownFileType = sourcecode.c.h; path = ADJUserDefaults.h; sourceTree = "<group>"; };
		2037FA5C1FE7CB9C00C86593 /* ADJUserDefaults.m */ = {isa = PBXFileReference; fileEncoding = 4; lastKnownFileType = sourcecode.c.objc; path = ADJUserDefaults.m; sourceTree = "<group>"; };
		9D6A23741DE87EAF002D401C /* AdjustSdkDelegate.h */ = {isa = PBXFileReference; fileEncoding = 4; lastKnownFileType = sourcecode.c.h; path = AdjustSdkDelegate.h; sourceTree = "<group>"; };
		9D6A23751DE87EAF002D401C /* AdjustSdkDelegate.m */ = {isa = PBXFileReference; fileEncoding = 4; lastKnownFileType = sourcecode.c.objc; path = AdjustSdkDelegate.m; sourceTree = "<group>"; };
		9D9741741E49E2DF0016F8D4 /* ADJActivityHandler.h */ = {isa = PBXFileReference; fileEncoding = 4; lastKnownFileType = sourcecode.c.h; path = ADJActivityHandler.h; sourceTree = "<group>"; };
		9D9741751E49E2DF0016F8D4 /* ADJActivityHandler.m */ = {isa = PBXFileReference; fileEncoding = 4; lastKnownFileType = sourcecode.c.objc; path = ADJActivityHandler.m; sourceTree = "<group>"; };
		9D9741761E49E2DF0016F8D4 /* ADJActivityKind.h */ = {isa = PBXFileReference; fileEncoding = 4; lastKnownFileType = sourcecode.c.h; path = ADJActivityKind.h; sourceTree = "<group>"; };
		9D9741771E49E2DF0016F8D4 /* ADJActivityKind.m */ = {isa = PBXFileReference; fileEncoding = 4; lastKnownFileType = sourcecode.c.objc; path = ADJActivityKind.m; sourceTree = "<group>"; };
		9D9741781E49E2DF0016F8D4 /* ADJActivityPackage.h */ = {isa = PBXFileReference; fileEncoding = 4; lastKnownFileType = sourcecode.c.h; path = ADJActivityPackage.h; sourceTree = "<group>"; };
		9D9741791E49E2DF0016F8D4 /* ADJActivityPackage.m */ = {isa = PBXFileReference; fileEncoding = 4; lastKnownFileType = sourcecode.c.objc; path = ADJActivityPackage.m; sourceTree = "<group>"; };
		9D97417A1E49E2DF0016F8D4 /* ADJActivityState.h */ = {isa = PBXFileReference; fileEncoding = 4; lastKnownFileType = sourcecode.c.h; path = ADJActivityState.h; sourceTree = "<group>"; };
		9D97417B1E49E2DF0016F8D4 /* ADJActivityState.m */ = {isa = PBXFileReference; fileEncoding = 4; lastKnownFileType = sourcecode.c.objc; path = ADJActivityState.m; sourceTree = "<group>"; };
		9D97417D1E49E2DF0016F8D4 /* NSData+ADJAdditions.h */ = {isa = PBXFileReference; fileEncoding = 4; lastKnownFileType = sourcecode.c.h; path = "NSData+ADJAdditions.h"; sourceTree = "<group>"; };
		9D97417E1E49E2DF0016F8D4 /* NSData+ADJAdditions.m */ = {isa = PBXFileReference; fileEncoding = 4; lastKnownFileType = sourcecode.c.objc; path = "NSData+ADJAdditions.m"; sourceTree = "<group>"; };
		9D97417F1E49E2DF0016F8D4 /* NSString+ADJAdditions.h */ = {isa = PBXFileReference; fileEncoding = 4; lastKnownFileType = sourcecode.c.h; path = "NSString+ADJAdditions.h"; sourceTree = "<group>"; };
		9D9741801E49E2DF0016F8D4 /* NSString+ADJAdditions.m */ = {isa = PBXFileReference; fileEncoding = 4; lastKnownFileType = sourcecode.c.objc; path = "NSString+ADJAdditions.m"; sourceTree = "<group>"; };
		9D9741811E49E2DF0016F8D4 /* UIDevice+ADJAdditions.h */ = {isa = PBXFileReference; fileEncoding = 4; lastKnownFileType = sourcecode.c.h; path = "UIDevice+ADJAdditions.h"; sourceTree = "<group>"; };
		9D9741821E49E2DF0016F8D4 /* UIDevice+ADJAdditions.m */ = {isa = PBXFileReference; fileEncoding = 4; lastKnownFileType = sourcecode.c.objc; path = "UIDevice+ADJAdditions.m"; sourceTree = "<group>"; };
		9D9741831E49E2DF0016F8D4 /* ADJAdjustFactory.h */ = {isa = PBXFileReference; fileEncoding = 4; lastKnownFileType = sourcecode.c.h; path = ADJAdjustFactory.h; sourceTree = "<group>"; };
		9D9741841E49E2DF0016F8D4 /* ADJAdjustFactory.m */ = {isa = PBXFileReference; fileEncoding = 4; lastKnownFileType = sourcecode.c.objc; path = ADJAdjustFactory.m; sourceTree = "<group>"; };
		9D9741851E49E2DF0016F8D4 /* ADJAttribution.h */ = {isa = PBXFileReference; fileEncoding = 4; lastKnownFileType = sourcecode.c.h; path = ADJAttribution.h; sourceTree = "<group>"; };
		9D9741861E49E2DF0016F8D4 /* ADJAttribution.m */ = {isa = PBXFileReference; fileEncoding = 4; lastKnownFileType = sourcecode.c.objc; path = ADJAttribution.m; sourceTree = "<group>"; };
		9D9741871E49E2DF0016F8D4 /* ADJAttributionHandler.h */ = {isa = PBXFileReference; fileEncoding = 4; lastKnownFileType = sourcecode.c.h; path = ADJAttributionHandler.h; sourceTree = "<group>"; };
		9D9741881E49E2DF0016F8D4 /* ADJAttributionHandler.m */ = {isa = PBXFileReference; fileEncoding = 4; lastKnownFileType = sourcecode.c.objc; path = ADJAttributionHandler.m; sourceTree = "<group>"; };
		9D9741891E49E2DF0016F8D4 /* ADJBackoffStrategy.h */ = {isa = PBXFileReference; fileEncoding = 4; lastKnownFileType = sourcecode.c.h; path = ADJBackoffStrategy.h; sourceTree = "<group>"; };
		9D97418A1E49E2DF0016F8D4 /* ADJBackoffStrategy.m */ = {isa = PBXFileReference; fileEncoding = 4; lastKnownFileType = sourcecode.c.objc; path = ADJBackoffStrategy.m; sourceTree = "<group>"; };
		9D97418B1E49E2DF0016F8D4 /* ADJConfig.h */ = {isa = PBXFileReference; fileEncoding = 4; lastKnownFileType = sourcecode.c.h; path = ADJConfig.h; sourceTree = "<group>"; };
		9D97418C1E49E2DF0016F8D4 /* ADJConfig.m */ = {isa = PBXFileReference; fileEncoding = 4; lastKnownFileType = sourcecode.c.objc; path = ADJConfig.m; sourceTree = "<group>"; };
		9D97418D1E49E2DF0016F8D4 /* ADJDeviceInfo.h */ = {isa = PBXFileReference; fileEncoding = 4; lastKnownFileType = sourcecode.c.h; path = ADJDeviceInfo.h; sourceTree = "<group>"; };
		9D97418E1E49E2DF0016F8D4 /* ADJDeviceInfo.m */ = {isa = PBXFileReference; fileEncoding = 4; lastKnownFileType = sourcecode.c.objc; path = ADJDeviceInfo.m; sourceTree = "<group>"; };
		9D97418F1E49E2DF0016F8D4 /* ADJEvent.h */ = {isa = PBXFileReference; fileEncoding = 4; lastKnownFileType = sourcecode.c.h; path = ADJEvent.h; sourceTree = "<group>"; };
		9D9741901E49E2DF0016F8D4 /* ADJEvent.m */ = {isa = PBXFileReference; fileEncoding = 4; lastKnownFileType = sourcecode.c.objc; path = ADJEvent.m; sourceTree = "<group>"; };
		9D9741911E49E2DF0016F8D4 /* ADJEventFailure.h */ = {isa = PBXFileReference; fileEncoding = 4; lastKnownFileType = sourcecode.c.h; path = ADJEventFailure.h; sourceTree = "<group>"; };
		9D9741921E49E2DF0016F8D4 /* ADJEventFailure.m */ = {isa = PBXFileReference; fileEncoding = 4; lastKnownFileType = sourcecode.c.objc; path = ADJEventFailure.m; sourceTree = "<group>"; };
		9D9741931E49E2DF0016F8D4 /* ADJEventSuccess.h */ = {isa = PBXFileReference; fileEncoding = 4; lastKnownFileType = sourcecode.c.h; path = ADJEventSuccess.h; sourceTree = "<group>"; };
		9D9741941E49E2DF0016F8D4 /* ADJEventSuccess.m */ = {isa = PBXFileReference; fileEncoding = 4; lastKnownFileType = sourcecode.c.objc; path = ADJEventSuccess.m; sourceTree = "<group>"; };
		9D9741951E49E2DF0016F8D4 /* ADJKeychain.h */ = {isa = PBXFileReference; fileEncoding = 4; lastKnownFileType = sourcecode.c.h; path = ADJKeychain.h; sourceTree = "<group>"; };
		9D9741961E49E2DF0016F8D4 /* ADJKeychain.m */ = {isa = PBXFileReference; fileEncoding = 4; lastKnownFileType = sourcecode.c.objc; path = ADJKeychain.m; sourceTree = "<group>"; };
		9D9741971E49E2DF0016F8D4 /* ADJLogger.h */ = {isa = PBXFileReference; fileEncoding = 4; lastKnownFileType = sourcecode.c.h; path = ADJLogger.h; sourceTree = "<group>"; };
		9D9741981E49E2DF0016F8D4 /* ADJLogger.m */ = {isa = PBXFileReference; fileEncoding = 4; lastKnownFileType = sourcecode.c.objc; path = ADJLogger.m; sourceTree = "<group>"; };
		9D9741991E49E2DF0016F8D4 /* ADJPackageBuilder.h */ = {isa = PBXFileReference; fileEncoding = 4; lastKnownFileType = sourcecode.c.h; path = ADJPackageBuilder.h; sourceTree = "<group>"; };
		9D97419A1E49E2DF0016F8D4 /* ADJPackageBuilder.m */ = {isa = PBXFileReference; fileEncoding = 4; lastKnownFileType = sourcecode.c.objc; path = ADJPackageBuilder.m; sourceTree = "<group>"; };
		9D97419B1E49E2DF0016F8D4 /* ADJPackageHandler.h */ = {isa = PBXFileReference; fileEncoding = 4; lastKnownFileType = sourcecode.c.h; path = ADJPackageHandler.h; sourceTree = "<group>"; };
		9D97419C1E49E2DF0016F8D4 /* ADJPackageHandler.m */ = {isa = PBXFileReference; fileEncoding = 4; lastKnownFileType = sourcecode.c.objc; path = ADJPackageHandler.m; sourceTree = "<group>"; };
		9D97419D1E49E2DF0016F8D4 /* ADJRequestHandler.h */ = {isa = PBXFileReference; fileEncoding = 4; lastKnownFileType = sourcecode.c.h; path = ADJRequestHandler.h; sourceTree = "<group>"; };
		9D97419E1E49E2DF0016F8D4 /* ADJRequestHandler.m */ = {isa = PBXFileReference; fileEncoding = 4; lastKnownFileType = sourcecode.c.objc; path = ADJRequestHandler.m; sourceTree = "<group>"; };
		9D97419F1E49E2DF0016F8D4 /* ADJResponseData.h */ = {isa = PBXFileReference; fileEncoding = 4; lastKnownFileType = sourcecode.c.h; path = ADJResponseData.h; sourceTree = "<group>"; };
		9D9741A01E49E2DF0016F8D4 /* ADJResponseData.m */ = {isa = PBXFileReference; fileEncoding = 4; lastKnownFileType = sourcecode.c.objc; path = ADJResponseData.m; sourceTree = "<group>"; };
		9D9741A11E49E2DF0016F8D4 /* ADJSdkClickHandler.h */ = {isa = PBXFileReference; fileEncoding = 4; lastKnownFileType = sourcecode.c.h; path = ADJSdkClickHandler.h; sourceTree = "<group>"; };
		9D9741A21E49E2DF0016F8D4 /* ADJSdkClickHandler.m */ = {isa = PBXFileReference; fileEncoding = 4; lastKnownFileType = sourcecode.c.objc; path = ADJSdkClickHandler.m; sourceTree = "<group>"; };
		9D9741A31E49E2DF0016F8D4 /* ADJSessionFailure.h */ = {isa = PBXFileReference; fileEncoding = 4; lastKnownFileType = sourcecode.c.h; path = ADJSessionFailure.h; sourceTree = "<group>"; };
		9D9741A41E49E2DF0016F8D4 /* ADJSessionFailure.m */ = {isa = PBXFileReference; fileEncoding = 4; lastKnownFileType = sourcecode.c.objc; path = ADJSessionFailure.m; sourceTree = "<group>"; };
		9D9741A51E49E2DF0016F8D4 /* ADJSessionParameters.h */ = {isa = PBXFileReference; fileEncoding = 4; lastKnownFileType = sourcecode.c.h; path = ADJSessionParameters.h; sourceTree = "<group>"; };
		9D9741A61E49E2DF0016F8D4 /* ADJSessionParameters.m */ = {isa = PBXFileReference; fileEncoding = 4; lastKnownFileType = sourcecode.c.objc; path = ADJSessionParameters.m; sourceTree = "<group>"; };
		9D9741A71E49E2DF0016F8D4 /* ADJSessionSuccess.h */ = {isa = PBXFileReference; fileEncoding = 4; lastKnownFileType = sourcecode.c.h; path = ADJSessionSuccess.h; sourceTree = "<group>"; };
		9D9741A81E49E2DF0016F8D4 /* ADJSessionSuccess.m */ = {isa = PBXFileReference; fileEncoding = 4; lastKnownFileType = sourcecode.c.objc; path = ADJSessionSuccess.m; sourceTree = "<group>"; };
		9D9741A91E49E2DF0016F8D4 /* ADJSystemProfile.h */ = {isa = PBXFileReference; fileEncoding = 4; lastKnownFileType = sourcecode.c.h; path = ADJSystemProfile.h; sourceTree = "<group>"; };
		9D9741AA1E49E2DF0016F8D4 /* ADJSystemProfile.m */ = {isa = PBXFileReference; fileEncoding = 4; lastKnownFileType = sourcecode.c.objc; path = ADJSystemProfile.m; sourceTree = "<group>"; };
		9D9741AB1E49E2DF0016F8D4 /* ADJTimerCycle.h */ = {isa = PBXFileReference; fileEncoding = 4; lastKnownFileType = sourcecode.c.h; path = ADJTimerCycle.h; sourceTree = "<group>"; };
		9D9741AC1E49E2DF0016F8D4 /* ADJTimerCycle.m */ = {isa = PBXFileReference; fileEncoding = 4; lastKnownFileType = sourcecode.c.objc; path = ADJTimerCycle.m; sourceTree = "<group>"; };
		9D9741AD1E49E2DF0016F8D4 /* ADJTimerOnce.h */ = {isa = PBXFileReference; fileEncoding = 4; lastKnownFileType = sourcecode.c.h; path = ADJTimerOnce.h; sourceTree = "<group>"; };
		9D9741AE1E49E2DF0016F8D4 /* ADJTimerOnce.m */ = {isa = PBXFileReference; fileEncoding = 4; lastKnownFileType = sourcecode.c.objc; path = ADJTimerOnce.m; sourceTree = "<group>"; };
		9D9741AF1E49E2DF0016F8D4 /* Adjust.h */ = {isa = PBXFileReference; fileEncoding = 4; lastKnownFileType = sourcecode.c.h; path = Adjust.h; sourceTree = "<group>"; };
		9D9741B01E49E2DF0016F8D4 /* Adjust.m */ = {isa = PBXFileReference; fileEncoding = 4; lastKnownFileType = sourcecode.c.objc; path = Adjust.m; sourceTree = "<group>"; };
		9D9741B11E49E2DF0016F8D4 /* ADJUtil.h */ = {isa = PBXFileReference; fileEncoding = 4; lastKnownFileType = sourcecode.c.h; path = ADJUtil.h; sourceTree = "<group>"; };
		9D9741B21E49E2DF0016F8D4 /* ADJUtil.m */ = {isa = PBXFileReference; fileEncoding = 4; lastKnownFileType = sourcecode.c.objc; path = ADJUtil.m; sourceTree = "<group>"; };
		9D9741B31E49E2DF0016F8D4 /* Info.plist */ = {isa = PBXFileReference; fileEncoding = 4; lastKnownFileType = text.plist.xml; path = Info.plist; sourceTree = "<group>"; };
/* End PBXFileReference section */

/* Begin PBXFrameworksBuildPhase section */
		58B511D81A9E6C8500147676 /* Frameworks */ = {
			isa = PBXFrameworksBuildPhase;
			buildActionMask = 2147483647;
			files = (
			);
			runOnlyForDeploymentPostprocessing = 0;
		};
/* End PBXFrameworksBuildPhase section */

/* Begin PBXGroup section */
		134814211AA4EA7D00B7C361 /* Products */ = {
			isa = PBXGroup;
			children = (
				134814201AA4EA6300B7C361 /* libAdjustSdk.a */,
			);
			name = Products;
			sourceTree = "<group>";
		};
		200D309B1DC0DB5F0029DABA /* Frameworks */ = {
			isa = PBXGroup;
			children = (
			);
			name = Frameworks;
			sourceTree = "<group>";
		};
		58B511D21A9E6C8500147676 = {
			isa = PBXGroup;
			children = (
				13BE3DEC1AC21097009241FE /* AdjustSdk.h */,
				13BE3DED1AC21097009241FE /* AdjustSdk.m */,
				9D6A23741DE87EAF002D401C /* AdjustSdkDelegate.h */,
				9D6A23751DE87EAF002D401C /* AdjustSdkDelegate.m */,
				9D9741731E49E2DF0016F8D4 /* Adjust */,
				134814211AA4EA7D00B7C361 /* Products */,
				200D309B1DC0DB5F0029DABA /* Frameworks */,
			);
			sourceTree = "<group>";
		};
		9D9741731E49E2DF0016F8D4 /* Adjust */ = {
			isa = PBXGroup;
			children = (
				2037FA591FE7CB9B00C86593 /* ADJReachability.h */,
				2037FA5A1FE7CB9B00C86593 /* ADJReachability.m */,
				2037FA5B1FE7CB9B00C86593 /* ADJUserDefaults.h */,
				2037FA5C1FE7CB9C00C86593 /* ADJUserDefaults.m */,
				9D9741741E49E2DF0016F8D4 /* ADJActivityHandler.h */,
				9D9741751E49E2DF0016F8D4 /* ADJActivityHandler.m */,
				9D9741761E49E2DF0016F8D4 /* ADJActivityKind.h */,
				9D9741771E49E2DF0016F8D4 /* ADJActivityKind.m */,
				9D9741781E49E2DF0016F8D4 /* ADJActivityPackage.h */,
				9D9741791E49E2DF0016F8D4 /* ADJActivityPackage.m */,
				9D97417A1E49E2DF0016F8D4 /* ADJActivityState.h */,
				9D97417B1E49E2DF0016F8D4 /* ADJActivityState.m */,
				9D97417C1E49E2DF0016F8D4 /* ADJAdditions */,
				9D9741831E49E2DF0016F8D4 /* ADJAdjustFactory.h */,
				9D9741841E49E2DF0016F8D4 /* ADJAdjustFactory.m */,
				9D9741851E49E2DF0016F8D4 /* ADJAttribution.h */,
				9D9741861E49E2DF0016F8D4 /* ADJAttribution.m */,
				9D9741871E49E2DF0016F8D4 /* ADJAttributionHandler.h */,
				9D9741881E49E2DF0016F8D4 /* ADJAttributionHandler.m */,
				9D9741891E49E2DF0016F8D4 /* ADJBackoffStrategy.h */,
				9D97418A1E49E2DF0016F8D4 /* ADJBackoffStrategy.m */,
				9D97418B1E49E2DF0016F8D4 /* ADJConfig.h */,
				9D97418C1E49E2DF0016F8D4 /* ADJConfig.m */,
				9D97418D1E49E2DF0016F8D4 /* ADJDeviceInfo.h */,
				9D97418E1E49E2DF0016F8D4 /* ADJDeviceInfo.m */,
				9D97418F1E49E2DF0016F8D4 /* ADJEvent.h */,
				9D9741901E49E2DF0016F8D4 /* ADJEvent.m */,
				9D9741911E49E2DF0016F8D4 /* ADJEventFailure.h */,
				9D9741921E49E2DF0016F8D4 /* ADJEventFailure.m */,
				9D9741931E49E2DF0016F8D4 /* ADJEventSuccess.h */,
				9D9741941E49E2DF0016F8D4 /* ADJEventSuccess.m */,
				9D9741951E49E2DF0016F8D4 /* ADJKeychain.h */,
				9D9741961E49E2DF0016F8D4 /* ADJKeychain.m */,
				9D9741971E49E2DF0016F8D4 /* ADJLogger.h */,
				9D9741981E49E2DF0016F8D4 /* ADJLogger.m */,
				9D9741991E49E2DF0016F8D4 /* ADJPackageBuilder.h */,
				9D97419A1E49E2DF0016F8D4 /* ADJPackageBuilder.m */,
				9D97419B1E49E2DF0016F8D4 /* ADJPackageHandler.h */,
				9D97419C1E49E2DF0016F8D4 /* ADJPackageHandler.m */,
				9D97419D1E49E2DF0016F8D4 /* ADJRequestHandler.h */,
				9D97419E1E49E2DF0016F8D4 /* ADJRequestHandler.m */,
				9D97419F1E49E2DF0016F8D4 /* ADJResponseData.h */,
				9D9741A01E49E2DF0016F8D4 /* ADJResponseData.m */,
				9D9741A11E49E2DF0016F8D4 /* ADJSdkClickHandler.h */,
				9D9741A21E49E2DF0016F8D4 /* ADJSdkClickHandler.m */,
				9D9741A31E49E2DF0016F8D4 /* ADJSessionFailure.h */,
				9D9741A41E49E2DF0016F8D4 /* ADJSessionFailure.m */,
				9D9741A51E49E2DF0016F8D4 /* ADJSessionParameters.h */,
				9D9741A61E49E2DF0016F8D4 /* ADJSessionParameters.m */,
				9D9741A71E49E2DF0016F8D4 /* ADJSessionSuccess.h */,
				9D9741A81E49E2DF0016F8D4 /* ADJSessionSuccess.m */,
				9D9741A91E49E2DF0016F8D4 /* ADJSystemProfile.h */,
				9D9741AA1E49E2DF0016F8D4 /* ADJSystemProfile.m */,
				9D9741AB1E49E2DF0016F8D4 /* ADJTimerCycle.h */,
				9D9741AC1E49E2DF0016F8D4 /* ADJTimerCycle.m */,
				9D9741AD1E49E2DF0016F8D4 /* ADJTimerOnce.h */,
				9D9741AE1E49E2DF0016F8D4 /* ADJTimerOnce.m */,
				9D9741AF1E49E2DF0016F8D4 /* Adjust.h */,
				9D9741B01E49E2DF0016F8D4 /* Adjust.m */,
				9D9741B11E49E2DF0016F8D4 /* ADJUtil.h */,
				9D9741B21E49E2DF0016F8D4 /* ADJUtil.m */,
				9D9741B31E49E2DF0016F8D4 /* Info.plist */,
			);
			path = Adjust;
			sourceTree = "<group>";
		};
		9D97417C1E49E2DF0016F8D4 /* ADJAdditions */ = {
			isa = PBXGroup;
			children = (
				9D97417D1E49E2DF0016F8D4 /* NSData+ADJAdditions.h */,
				9D97417E1E49E2DF0016F8D4 /* NSData+ADJAdditions.m */,
				9D97417F1E49E2DF0016F8D4 /* NSString+ADJAdditions.h */,
				9D9741801E49E2DF0016F8D4 /* NSString+ADJAdditions.m */,
				9D9741811E49E2DF0016F8D4 /* UIDevice+ADJAdditions.h */,
				9D9741821E49E2DF0016F8D4 /* UIDevice+ADJAdditions.m */,
			);
			path = ADJAdditions;
			sourceTree = "<group>";
		};
/* End PBXGroup section */

/* Begin PBXNativeTarget section */
		58B511DA1A9E6C8500147676 /* AdjustSdk */ = {
			isa = PBXNativeTarget;
			buildConfigurationList = 58B511EF1A9E6C8500147676 /* Build configuration list for PBXNativeTarget "AdjustSdk" */;
			buildPhases = (
				58B511D71A9E6C8500147676 /* Sources */,
				58B511D81A9E6C8500147676 /* Frameworks */,
				58B511D91A9E6C8500147676 /* CopyFiles */,
			);
			buildRules = (
			);
			dependencies = (
			);
			name = AdjustSdk;
			productName = RCTDataManager;
			productReference = 134814201AA4EA6300B7C361 /* libAdjustSdk.a */;
			productType = "com.apple.product-type.library.static";
		};
/* End PBXNativeTarget section */

/* Begin PBXProject section */
		58B511D31A9E6C8500147676 /* Project object */ = {
			isa = PBXProject;
			attributes = {
				LastUpgradeCheck = 0920;
				ORGANIZATIONNAME = Facebook;
				TargetAttributes = {
					58B511DA1A9E6C8500147676 = {
						CreatedOnToolsVersion = 6.1.1;
					};
				};
			};
			buildConfigurationList = 58B511D61A9E6C8500147676 /* Build configuration list for PBXProject "AdjustSdk" */;
			compatibilityVersion = "Xcode 3.2";
			developmentRegion = English;
			hasScannedForEncodings = 0;
			knownRegions = (
				en,
			);
			mainGroup = 58B511D21A9E6C8500147676;
			productRefGroup = 58B511D21A9E6C8500147676;
			projectDirPath = "";
			projectRoot = "";
			targets = (
				58B511DA1A9E6C8500147676 /* AdjustSdk */,
			);
		};
/* End PBXProject section */

/* Begin PBXSourcesBuildPhase section */
		58B511D71A9E6C8500147676 /* Sources */ = {
			isa = PBXSourcesBuildPhase;
			buildActionMask = 2147483647;
			files = (
				9D9741C01E49E2DF0016F8D4 /* ADJDeviceInfo.m in Sources */,
				9D9741CB1E49E2DF0016F8D4 /* ADJSessionFailure.m in Sources */,
				9D9741B71E49E2DF0016F8D4 /* ADJActivityState.m in Sources */,
				9D9741CE1E49E2DF0016F8D4 /* ADJSystemProfile.m in Sources */,
				9D9741B41E49E2DF0016F8D4 /* ADJActivityHandler.m in Sources */,
				9D6A23761DE87EAF002D401C /* AdjustSdkDelegate.m in Sources */,
				9D9741C91E49E2DF0016F8D4 /* ADJResponseData.m in Sources */,
				2037FA5E1FE7CB9C00C86593 /* ADJUserDefaults.m in Sources */,
				9D9741BC1E49E2DF0016F8D4 /* ADJAttribution.m in Sources */,
				9D9741C61E49E2DF0016F8D4 /* ADJPackageBuilder.m in Sources */,
				9D9741BD1E49E2DF0016F8D4 /* ADJAttributionHandler.m in Sources */,
				9D9741C71E49E2DF0016F8D4 /* ADJPackageHandler.m in Sources */,
				9D9741C11E49E2DF0016F8D4 /* ADJEvent.m in Sources */,
				9D9741BA1E49E2DF0016F8D4 /* UIDevice+ADJAdditions.m in Sources */,
				9D9741C31E49E2DF0016F8D4 /* ADJEventSuccess.m in Sources */,
				2037FA5D1FE7CB9C00C86593 /* ADJReachability.m in Sources */,
				9D9741D11E49E2DF0016F8D4 /* Adjust.m in Sources */,
				9D9741C51E49E2DF0016F8D4 /* ADJLogger.m in Sources */,
				9D9741B91E49E2DF0016F8D4 /* NSString+ADJAdditions.m in Sources */,
				9D9741C21E49E2DF0016F8D4 /* ADJEventFailure.m in Sources */,
				9D9741BB1E49E2DF0016F8D4 /* ADJAdjustFactory.m in Sources */,
				9D9741CC1E49E2DF0016F8D4 /* ADJSessionParameters.m in Sources */,
				9D9741B61E49E2DF0016F8D4 /* ADJActivityPackage.m in Sources */,
				9D9741D01E49E2DF0016F8D4 /* ADJTimerOnce.m in Sources */,
				9D9741BF1E49E2DF0016F8D4 /* ADJConfig.m in Sources */,
				9D9741B51E49E2DF0016F8D4 /* ADJActivityKind.m in Sources */,
				9D9741B81E49E2DF0016F8D4 /* NSData+ADJAdditions.m in Sources */,
				13BE3DEE1AC21097009241FE /* AdjustSdk.m in Sources */,
				9D9741CF1E49E2DF0016F8D4 /* ADJTimerCycle.m in Sources */,
				9D9741C81E49E2DF0016F8D4 /* ADJRequestHandler.m in Sources */,
				9D9741D21E49E2DF0016F8D4 /* ADJUtil.m in Sources */,
				9D9741CA1E49E2DF0016F8D4 /* ADJSdkClickHandler.m in Sources */,
				9D9741C41E49E2DF0016F8D4 /* ADJKeychain.m in Sources */,
				9D9741CD1E49E2DF0016F8D4 /* ADJSessionSuccess.m in Sources */,
				9D9741BE1E49E2DF0016F8D4 /* ADJBackoffStrategy.m in Sources */,
			);
			runOnlyForDeploymentPostprocessing = 0;
		};
/* End PBXSourcesBuildPhase section */

/* Begin XCBuildConfiguration section */
		58B511ED1A9E6C8500147676 /* Debug */ = {
			isa = XCBuildConfiguration;
			buildSettings = {
				ALWAYS_SEARCH_USER_PATHS = NO;
				CLANG_CXX_LANGUAGE_STANDARD = "gnu++0x";
				CLANG_CXX_LIBRARY = "libc++";
				CLANG_ENABLE_MODULES = YES;
				CLANG_ENABLE_OBJC_ARC = YES;
				CLANG_WARN_BLOCK_CAPTURE_AUTORELEASING = YES;
				CLANG_WARN_BOOL_CONVERSION = YES;
				CLANG_WARN_COMMA = YES;
				CLANG_WARN_CONSTANT_CONVERSION = YES;
				CLANG_WARN_DIRECT_OBJC_ISA_USAGE = YES_ERROR;
				CLANG_WARN_EMPTY_BODY = YES;
				CLANG_WARN_ENUM_CONVERSION = YES;
				CLANG_WARN_INFINITE_RECURSION = YES;
				CLANG_WARN_INT_CONVERSION = YES;
				CLANG_WARN_NON_LITERAL_NULL_CONVERSION = YES;
				CLANG_WARN_OBJC_LITERAL_CONVERSION = YES;
				CLANG_WARN_OBJC_ROOT_CLASS = YES_ERROR;
				CLANG_WARN_RANGE_LOOP_ANALYSIS = YES;
				CLANG_WARN_STRICT_PROTOTYPES = YES;
				CLANG_WARN_SUSPICIOUS_MOVE = YES;
				CLANG_WARN_UNREACHABLE_CODE = YES;
				CLANG_WARN__DUPLICATE_METHOD_MATCH = YES;
				COPY_PHASE_STRIP = NO;
				ENABLE_STRICT_OBJC_MSGSEND = YES;
				ENABLE_TESTABILITY = YES;
				GCC_C_LANGUAGE_STANDARD = gnu99;
				GCC_DYNAMIC_NO_PIC = NO;
				GCC_NO_COMMON_BLOCKS = YES;
				GCC_OPTIMIZATION_LEVEL = 0;
				GCC_PREPROCESSOR_DEFINITIONS = (
					"DEBUG=1",
					"$(inherited)",
				);
				GCC_SYMBOLS_PRIVATE_EXTERN = NO;
				GCC_WARN_64_TO_32_BIT_CONVERSION = YES;
				GCC_WARN_ABOUT_RETURN_TYPE = YES_ERROR;
				GCC_WARN_UNDECLARED_SELECTOR = YES;
				GCC_WARN_UNINITIALIZED_AUTOS = YES_AGGRESSIVE;
				GCC_WARN_UNUSED_FUNCTION = YES;
				GCC_WARN_UNUSED_VARIABLE = YES;
				HEADER_SEARCH_PATHS = "$(SRCROOT)/../../react-native/React/**";
				IPHONEOS_DEPLOYMENT_TARGET = 8.0;
				MTL_ENABLE_DEBUG_INFO = YES;
				ONLY_ACTIVE_ARCH = YES;
				SDKROOT = iphoneos;
			};
			name = Debug;
		};
		58B511EE1A9E6C8500147676 /* Release */ = {
			isa = XCBuildConfiguration;
			buildSettings = {
				ALWAYS_SEARCH_USER_PATHS = NO;
				CLANG_CXX_LANGUAGE_STANDARD = "gnu++0x";
				CLANG_CXX_LIBRARY = "libc++";
				CLANG_ENABLE_MODULES = YES;
				CLANG_ENABLE_OBJC_ARC = YES;
				CLANG_WARN_BLOCK_CAPTURE_AUTORELEASING = YES;
				CLANG_WARN_BOOL_CONVERSION = YES;
				CLANG_WARN_COMMA = YES;
				CLANG_WARN_CONSTANT_CONVERSION = YES;
				CLANG_WARN_DIRECT_OBJC_ISA_USAGE = YES_ERROR;
				CLANG_WARN_EMPTY_BODY = YES;
				CLANG_WARN_ENUM_CONVERSION = YES;
				CLANG_WARN_INFINITE_RECURSION = YES;
				CLANG_WARN_INT_CONVERSION = YES;
				CLANG_WARN_NON_LITERAL_NULL_CONVERSION = YES;
				CLANG_WARN_OBJC_LITERAL_CONVERSION = YES;
				CLANG_WARN_OBJC_ROOT_CLASS = YES_ERROR;
				CLANG_WARN_RANGE_LOOP_ANALYSIS = YES;
				CLANG_WARN_STRICT_PROTOTYPES = YES;
				CLANG_WARN_SUSPICIOUS_MOVE = YES;
				CLANG_WARN_UNREACHABLE_CODE = YES;
				CLANG_WARN__DUPLICATE_METHOD_MATCH = YES;
				COPY_PHASE_STRIP = YES;
				ENABLE_NS_ASSERTIONS = NO;
				ENABLE_STRICT_OBJC_MSGSEND = YES;
				GCC_C_LANGUAGE_STANDARD = gnu99;
				GCC_NO_COMMON_BLOCKS = YES;
				GCC_WARN_64_TO_32_BIT_CONVERSION = YES;
				GCC_WARN_ABOUT_RETURN_TYPE = YES_ERROR;
				GCC_WARN_UNDECLARED_SELECTOR = YES;
				GCC_WARN_UNINITIALIZED_AUTOS = YES_AGGRESSIVE;
				GCC_WARN_UNUSED_FUNCTION = YES;
				GCC_WARN_UNUSED_VARIABLE = YES;
				HEADER_SEARCH_PATHS = "$(SRCROOT)/../../react-native/React/**";
				IPHONEOS_DEPLOYMENT_TARGET = 8.0;
				MTL_ENABLE_DEBUG_INFO = NO;
				SDKROOT = iphoneos;
				VALIDATE_PRODUCT = YES;
			};
			name = Release;
		};
		58B511F01A9E6C8500147676 /* Debug */ = {
			isa = XCBuildConfiguration;
			buildSettings = {
				FRAMEWORK_SEARCH_PATHS = (
					"$(inherited)",
					"$(PROJECT_DIR)",
				);
				HEADER_SEARCH_PATHS = (
					"$(inherited)",
					"$(SRCROOT)/../../react-native/React/**",
					"$(SRCROOT)/../../react-native/Libraries/**",
				);
				LIBRARY_SEARCH_PATHS = "$(inherited)";
				OTHER_LDFLAGS = "-ObjC";
				PRODUCT_NAME = AdjustSdk;
				SKIP_INSTALL = YES;
			};
			name = Debug;
		};
		58B511F11A9E6C8500147676 /* Release */ = {
			isa = XCBuildConfiguration;
			buildSettings = {
				FRAMEWORK_SEARCH_PATHS = (
					"$(inherited)",
					"$(PROJECT_DIR)",
				);
				HEADER_SEARCH_PATHS = (
					"$(inherited)",
					"$(SRCROOT)/../../react-native/React/**",
					"$(SRCROOT)/../../react-native/Libraries/**",
				);
				LIBRARY_SEARCH_PATHS = "$(inherited)";
				OTHER_LDFLAGS = "-ObjC";
				PRODUCT_NAME = AdjustSdk;
				SKIP_INSTALL = YES;
			};
			name = Release;
		};
/* End XCBuildConfiguration section */

/* Begin XCConfigurationList section */
		58B511D61A9E6C8500147676 /* Build configuration list for PBXProject "AdjustSdk" */ = {
			isa = XCConfigurationList;
			buildConfigurations = (
				58B511ED1A9E6C8500147676 /* Debug */,
				58B511EE1A9E6C8500147676 /* Release */,
			);
			defaultConfigurationIsVisible = 0;
			defaultConfigurationName = Release;
		};
		58B511EF1A9E6C8500147676 /* Build configuration list for PBXNativeTarget "AdjustSdk" */ = {
			isa = XCConfigurationList;
			buildConfigurations = (
				58B511F01A9E6C8500147676 /* Debug */,
				58B511F11A9E6C8500147676 /* Release */,
			);
			defaultConfigurationIsVisible = 0;
			defaultConfigurationName = Release;
		};
/* End XCConfigurationList section */
	};
	rootObject = 58B511D31A9E6C8500147676 /* Project object */;
}
